
Microsoft Visual Studio Solution File, Format Version 12.00
# Visual Studio Version 16
VisualStudioVersion = 25.0.1706.4
MinimumVisualStudioVersion = 10.0.40219.1
Project("{FAE04EC0-301F-11D3-BF4B-00C04F79EFBC}") = "AndroidThemePOC", "AndroidThemePOC\AndroidThemePOC.csproj", "{0B1099F8-5563-4DF9-9B9E-C7532467355D}"
EndProject
Global
	GlobalSection(SolutionConfigurationPlatforms) = preSolution
		Debug|Any CPU = Debug|Any CPU
		Release|Any CPU = Release|Any CPU
	EndGlobalSection
	GlobalSection(ProjectConfigurationPlatforms) = postSolution
		{0B1099F8-5563-4DF9-9B9E-C7532467355D}.Debug|Any CPU.ActiveCfg = Debug|Any CPU
		{0B1099F8-5563-4DF9-9B9E-C7532467355D}.Debug|Any CPU.Build.0 = Debug|Any CPU
		{0B1099F8-5563-4DF9-9B9E-C7532467355D}.Release|Any CPU.ActiveCfg = Release|Any CPU
		{0B1099F8-5563-4DF9-9B9E-C7532467355D}.Release|Any CPU.Build.0 = Release|Any CPU
	EndGlobalSection
	GlobalSection(SolutionProperties) = preSolution
		HideSolutionNode = FALSE
	EndGlobalSection
	GlobalSection(ExtensibilityGlobals) = postSolution
		SolutionGuid = {9502437E-6FD8-41C0-834C-68BB0EF52C98}
	EndGlobalSection
EndGlobal
